
Microsoft Visual Studio Solution File, Format Version 12.00
# Visual Studio Version 17
VisualStudioVersion = 17.5.33530.505
MinimumVisualStudioVersion = 10.0.40219.1
Project("{8BC9CEB8-8B4A-11D0-8D11-00A0C91BC942}") = "hello_server_win", "hello_server_win\hello_server_win.vcxproj", "{762BE6E0-5EDD-4108-8E5B-95E16FE43606}"
EndProject
Global
	GlobalSection(SolutionConfigurationPlatforms) = preSolution
		Debug|x64 = Debug|x64
		Debug|x86 = Debug|x86
		Release|x64 = Release|x64
		Release|x86 = Release|x86
	EndGlobalSection
	GlobalSection(ProjectConfigurationPlatforms) = postSolution
		{762BE6E0-5EDD-4108-8E5B-95E16FE43606}.Debug|x64.ActiveCfg = Debug|x64
		{762BE6E0-5EDD-4108-8E5B-95E16FE43606}.Debug|x64.Build.0 = Debug|x64
		{762BE6E0-5EDD-4108-8E5B-95E16FE43606}.Debug|x86.ActiveCfg = Debug|Win32
		{762BE6E0-5EDD-4108-8E5B-95E16FE43606}.Debug|x86.Build.0 = Debug|Win32
		{762BE6E0-5EDD-4108-8E5B-95E16FE43606}.Release|x64.ActiveCfg = Release|x64
		{762BE6E0-5EDD-4108-8E5B-95E16FE43606}.Release|x64.Build.0 = Release|x64
		{762BE6E0-5EDD-4108-8E5B-95E16FE43606}.Release|x86.ActiveCfg = Release|Win32
		{762BE6E0-5EDD-4108-8E5B-95E16FE43606}.Release|x86.Build.0 = Release|Win32
	EndGlobalSection
	GlobalSection(SolutionProperties) = preSolution
		HideSolutionNode = FALSE
	EndGlobalSection
	GlobalSection(ExtensibilityGlobals) = postSolution
		SolutionGuid = {282C1F20-EB48-4FAC-90C2-E52ABC38033B}
	EndGlobalSection
EndGlobal
